PODS:
  - KTAttributedPrices (0.1.0)

DEPENDENCIES:
  - KTAttributedPrices (from `../`)

EXTERNAL SOURCES:
  KTAttributedPrices:
    :path: ../

SPEC CHECKSUMS:
  KTAttributedPrices: bccdc08aaa602ee1a5aa5d0735d789962d859eb6

PODFILE CHECKSUM: fe20939ad14cc0f719d602458502f97bf6b5fb6d

COCOAPODS: 1.0.1
